// !$*UTF8*$!
{
	archiveVersion = 1;
	classes = {
	};
	objectVersion = 50;
	objects = {

/* Begin PBXBuildFile section */
		0C06943F6A86D23AF0546DD5 /* Pods_swift_Community.framework in Frameworks */ = {isa = PBXBuildFile; fileRef = 4A5E6C0BACB977C1ED1FC142 /* Pods_swift_Community.framework */; };
		47AABC568CD0136B76ABC63D /* Pods_swift_CommunityTests.framework in Frameworks */ = {isa = PBXBuildFile; fileRef = C6F4B890FD4989B6A8A1817A /* Pods_swift_CommunityTests.framework */; };
		8D624727213E3629005539FA /* AppDelegate.swift in Sources */ = {isa = PBXBuildFile; fileRef = 8D624726213E3629005539FA /* AppDelegate.swift */; };
		8D624729213E3629005539FA /* ViewController.swift in Sources */ = {isa = PBXBuildFile; fileRef = 8D624728213E3629005539FA /* ViewController.swift */; };
		8D62472C213E3629005539FA /* Main.storyboard in Resources */ = {isa = PBXBuildFile; fileRef = 8D62472A213E3629005539FA /* Main.storyboard */; };
		8D62472E213E362A005539FA /* Assets.xcassets in Resources */ = {isa = PBXBuildFile; fileRef = 8D62472D213E362A005539FA /* Assets.xcassets */; };
		8D624731213E362A005539FA /* LaunchScreen.storyboard in Resources */ = {isa = PBXBuildFile; fileRef = 8D62472F213E362A005539FA /* LaunchScreen.storyboard */; };
		8D62473C213E362A005539FA /* swift_CommunityTests.swift in Sources */ = {isa = PBXBuildFile; fileRef = 8D62473B213E362A005539FA /* swift_CommunityTests.swift */; };
		8D624747213E362A005539FA /* swift_CommunityUITests.swift in Sources */ = {isa = PBXBuildFile; fileRef = 8D624746213E362A005539FA /* swift_CommunityUITests.swift */; };
		8D62475C213E3804005539FA /* MainTabViewController.swift in Sources */ = {isa = PBXBuildFile; fileRef = 8D62475B213E3804005539FA /* MainTabViewController.swift */; };
		8D624762213E4E20005539FA /* HomeViewController.swift in Sources */ = {isa = PBXBuildFile; fileRef = 8D624761213E4E1F005539FA /* HomeViewController.swift */; };
		8D624764213E524E005539FA /* MMGlobalProperty.swift in Sources */ = {isa = PBXBuildFile; fileRef = 8D624763213E524E005539FA /* MMGlobalProperty.swift */; };
		8D624766213E5274005539FA /* MMGlobalMethod.swift in Sources */ = {isa = PBXBuildFile; fileRef = 8D624765213E5274005539FA /* MMGlobalMethod.swift */; };
		8D624768213E5422005539FA /* MainNavigationController.swift in Sources */ = {isa = PBXBuildFile; fileRef = 8D624767213E5422005539FA /* MainNavigationController.swift */; };
		8D62476B213E5613005539FA /* UIIamge+Extension.swift in Sources */ = {isa = PBXBuildFile; fileRef = 8D62476A213E5613005539FA /* UIIamge+Extension.swift */; };
		8D8BE39A2199257800DBFF76 /* DiscountModel.swift in Sources */ = {isa = PBXBuildFile; fileRef = 8D8BE3992199257800DBFF76 /* DiscountModel.swift */; };
		8D8BE3CC219A6BF400DBFF76 /* libEDS.a in Frameworks */ = {isa = PBXBuildFile; fileRef = 8D8BE3CB219A6BF300DBFF76 /* libEDS.a */; };
		8D8BE3CF219ABFB100DBFF76 /* DiscountCategory.swift in Sources */ = {isa = PBXBuildFile; fileRef = 8D8BE3CE219ABFB100DBFF76 /* DiscountCategory.swift */; };
		8D990D7B2192BAE6008959C9 /* IntExtension.swift in Sources */ = {isa = PBXBuildFile; fileRef = 8D990D7A2192BAE6008959C9 /* IntExtension.swift */; };
		8D990D7D2192C01A008959C9 /* DiscountHeaderView.swift in Sources */ = {isa = PBXBuildFile; fileRef = 8D990D7C2192C01A008959C9 /* DiscountHeaderView.swift */; };
		8DF650FC2147B79700A864C8 /* NetworkTool.swift in Sources */ = {isa = PBXBuildFile; fileRef = 8DF650FB2147B79700A864C8 /* NetworkTool.swift */; };
		8DF650FE2148B5AB00A864C8 /* HomeModel.swift in Sources */ = {isa = PBXBuildFile; fileRef = 8DF650FD2148B5AB00A864C8 /* HomeModel.swift */; };
		8DF651002148E98700A864C8 /* HomeAdCollectionViewCell.swift in Sources */ = {isa = PBXBuildFile; fileRef = 8DF650FF2148E98700A864C8 /* HomeAdCollectionViewCell.swift */; };
		8DF65103214B611300A864C8 /* HomeModuleCollectionViewCell.swift in Sources */ = {isa = PBXBuildFile; fileRef = 8DF65101214B611300A864C8 /* HomeModuleCollectionViewCell.swift */; };
		8DF65104214B611300A864C8 /* HomeModuleCollectionViewCell.xib in Resources */ = {isa = PBXBuildFile; fileRef = 8DF65102214B611300A864C8 /* HomeModuleCollectionViewCell.xib */; };
		8DF65107214B8DF000A864C8 /* NewsListCollectionViewCell.swift in Sources */ = {isa = PBXBuildFile; fileRef = 8DF65105214B8DF000A864C8 /* NewsListCollectionViewCell.swift */; };
		8DF65108214B8DF000A864C8 /* NewsListCollectionViewCell.xib in Resources */ = {isa = PBXBuildFile; fileRef = 8DF65106214B8DF000A864C8 /* NewsListCollectionViewCell.xib */; };
		8DF6510B214BAA4B00A864C8 /* NewsListCollectionReusableView.swift in Sources */ = {isa = PBXBuildFile; fileRef = 8DF65109214BAA4B00A864C8 /* NewsListCollectionReusableView.swift */; };
		8DF6510C214BAA4B00A864C8 /* NewsListCollectionReusableView.xib in Resources */ = {isa = PBXBuildFile; fileRef = 8DF6510A214BAA4B00A864C8 /* NewsListCollectionReusableView.xib */; };
		8DF651122150ABFA00A864C8 /* MeViewController.swift in Sources */ = {isa = PBXBuildFile; fileRef = 8DF651112150ABFA00A864C8 /* MeViewController.swift */; };
		8DF651142150AC3B00A864C8 /* MeHomeTableViewCell.swift in Sources */ = {isa = PBXBuildFile; fileRef = 8DF651132150AC3B00A864C8 /* MeHomeTableViewCell.swift */; };
		8DF651162150D64F00A864C8 /* MeModel.swift in Sources */ = {isa = PBXBuildFile; fileRef = 8DF651152150D64F00A864C8 /* MeModel.swift */; };
		8DF797BB218064E000AFA7D5 /* DiscountViewController.swift in Sources */ = {isa = PBXBuildFile; fileRef = 8DF797BA218064E000AFA7D5 /* DiscountViewController.swift */; };
		8DF797C02180655600AFA7D5 /* DiscountTableViewCell.swift in Sources */ = {isa = PBXBuildFile; fileRef = 8DF797BE2180655600AFA7D5 /* DiscountTableViewCell.swift */; };
		8DF797C12180655600AFA7D5 /* DiscountTableViewCell.xib in Resources */ = {isa = PBXBuildFile; fileRef = 8DF797BF2180655600AFA7D5 /* DiscountTableViewCell.xib */; };
		EA060B80829EBD1C474D64B6 /* Pods_swift_CommunityUITests.framework in Frameworks */ = {isa = PBXBuildFile; fileRef = 193F3E9AEC230CC704018BD5 /* Pods_swift_CommunityUITests.framework */; };
/* End PBXBuildFile section */

/* Begin PBXContainerItemProxy section */
		8D624738213E362A005539FA /* PBXContainerItemProxy */ = {
			isa = PBXContainerItemProxy;
			containerPortal = 8D62471B213E3629005539FA /* Project object */;
			proxyType = 1;
			remoteGlobalIDString = 8D624722213E3629005539FA;
			remoteInfo = swift_Community;
		};
		8D624743213E362A005539FA /* PBXContainerItemProxy */ = {
			isa = PBXContainerItemProxy;
			containerPortal = 8D62471B213E3629005539FA /* Project object */;
			proxyType = 1;
			remoteGlobalIDString = 8D624722213E3629005539FA;
			remoteInfo = swift_Community;
		};
/* End PBXContainerItemProxy section */

/* Begin PBXFileReference section */
		193F3E9AEC230CC704018BD5 /* Pods_swift_CommunityUITests.framework */ = {isa = PBXFileReference; explicitFileType = wrapper.framework; includeInIndex = 0; path = Pods_swift_CommunityUITests.framework; sourceTree = BUILT_PRODUCTS_DIR; };
		4515ABC861FD994EF9526282 /* Pods-swift_CommunityUITests.release.xcconfig */ = {isa = PBXFileReference; includeInIndex = 1; lastKnownFileType = text.xcconfig; name = "Pods-swift_CommunityUITests.release.xcconfig"; path = "Pods/Target Support Files/Pods-swift_CommunityUITests/Pods-swift_CommunityUITests.release.xcconfig"; sourceTree = "<group>"; };
		4A5E6C0BACB977C1ED1FC142 /* Pods_swift_Community.framework */ = {isa = PBXFileReference; explicitFileType = wrapper.framework; includeInIndex = 0; path = Pods_swift_Community.framework; sourceTree = BUILT_PRODUCTS_DIR; };
		4F50C1ECA8BC4F28F8588229 /* Pods-swift_CommunityTests.release.xcconfig */ = {isa = PBXFileReference; includeInIndex = 1; lastKnownFileType = text.xcconfig; name = "Pods-swift_CommunityTests.release.xcconfig"; path = "Pods/Target Support Files/Pods-swift_CommunityTests/Pods-swift_CommunityTests.release.xcconfig"; sourceTree = "<group>"; };
		64AE87F6D9F74E67FBD5FC51 /* Pods-swift_Community.debug.xcconfig */ = {isa = PBXFileReference; includeInIndex = 1; lastKnownFileType = text.xcconfig; name = "Pods-swift_Community.debug.xcconfig"; path = "Pods/Target Support Files/Pods-swift_Community/Pods-swift_Community.debug.xcconfig"; sourceTree = "<group>"; };
		73E2F8EEE19B6F7BE4397A53 /* Pods-swift_CommunityTests.debug.xcconfig */ = {isa = PBXFileReference; includeInIndex = 1; lastKnownFileType = text.xcconfig; name = "Pods-swift_CommunityTests.debug.xcconfig"; path = "Pods/Target Support Files/Pods-swift_CommunityTests/Pods-swift_CommunityTests.debug.xcconfig"; sourceTree = "<group>"; };
		81FB9931EAD50AB0AAC2611F /* Pods-swift_CommunityUITests.debug.xcconfig */ = {isa = PBXFileReference; includeInIndex = 1; lastKnownFileType = text.xcconfig; name = "Pods-swift_CommunityUITests.debug.xcconfig"; path = "Pods/Target Support Files/Pods-swift_CommunityUITests/Pods-swift_CommunityUITests.debug.xcconfig"; sourceTree = "<group>"; };
		8D624723213E3629005539FA /* swift_Community.app */ = {isa = PBXFileReference; explicitFileType = wrapper.application; includeInIndex = 0; path = swift_Community.app; sourceTree = BUILT_PRODUCTS_DIR; };
		8D624726213E3629005539FA /* AppDelegate.swift */ = {isa = PBXFileReference; lastKnownFileType = sourcecode.swift; path = AppDelegate.swift; sourceTree = "<group>"; };
		8D624728213E3629005539FA /* ViewController.swift */ = {isa = PBXFileReference; lastKnownFileType = sourcecode.swift; path = ViewController.swift; sourceTree = "<group>"; };
		8D62472B213E3629005539FA /* Base */ = {isa = PBXFileReference; lastKnownFileType = file.storyboard; name = Base; path = Base.lproj/Main.storyboard; sourceTree = "<group>"; };
		8D62472D213E362A005539FA /* Assets.xcassets */ = {isa = PBXFileReference; lastKnownFileType = folder.assetcatalog; path = Assets.xcassets; sourceTree = "<group>"; };
		8D624730213E362A005539FA /* Base */ = {isa = PBXFileReference; lastKnownFileType = file.storyboard; name = Base; path = Base.lproj/LaunchScreen.storyboard; sourceTree = "<group>"; };
		8D624732213E362A005539FA /* Info.plist */ = {isa = PBXFileReference; lastKnownFileType = text.plist.xml; path = Info.plist; sourceTree = "<group>"; };
		8D624737213E362A005539FA /* swift_CommunityTests.xctest */ = {isa = PBXFileReference; explicitFileType = wrapper.cfbundle; includeInIndex = 0; path = swift_CommunityTests.xctest; sourceTree = BUILT_PRODUCTS_DIR; };
		8D62473B213E362A005539FA /* swift_CommunityTests.swift */ = {isa = PBXFileReference; lastKnownFileType = sourcecode.swift; path = swift_CommunityTests.swift; sourceTree = "<group>"; };
		8D62473D213E362A005539FA /* Info.plist */ = {isa = PBXFileReference; lastKnownFileType = text.plist.xml; path = Info.plist; sourceTree = "<group>"; };
		8D624742213E362A005539FA /* swift_CommunityUITests.xctest */ = {isa = PBXFileReference; explicitFileType = wrapper.cfbundle; includeInIndex = 0; path = swift_CommunityUITests.xctest; sourceTree = BUILT_PRODUCTS_DIR; };
		8D624746213E362A005539FA /* swift_CommunityUITests.swift */ = {isa = PBXFileReference; lastKnownFileType = sourcecode.swift; path = swift_CommunityUITests.swift; sourceTree = "<group>"; };
		8D624748213E362A005539FA /* Info.plist */ = {isa = PBXFileReference; lastKnownFileType = text.plist.xml; path = Info.plist; sourceTree = "<group>"; };
		8D62475B213E3804005539FA /* MainTabViewController.swift */ = {isa = PBXFileReference; lastKnownFileType = sourcecode.swift; path = MainTabViewController.swift; sourceTree = "<group>"; };
		8D624761213E4E1F005539FA /* HomeViewController.swift */ = {isa = PBXFileReference; lastKnownFileType = sourcecode.swift; path = HomeViewController.swift; sourceTree = "<group>"; };
		8D624763213E524E005539FA /* MMGlobalProperty.swift */ = {isa = PBXFileReference; lastKnownFileType = sourcecode.swift; path = MMGlobalProperty.swift; sourceTree = "<group>"; };
		8D624765213E5274005539FA /* MMGlobalMethod.swift */ = {isa = PBXFileReference; lastKnownFileType = sourcecode.swift; path = MMGlobalMethod.swift; sourceTree = "<group>"; };
		8D624767213E5422005539FA /* MainNavigationController.swift */ = {isa = PBXFileReference; lastKnownFileType = sourcecode.swift; path = MainNavigationController.swift; sourceTree = "<group>"; };
		8D62476A213E5613005539FA /* UIIamge+Extension.swift */ = {isa = PBXFileReference; lastKnownFileType = sourcecode.swift; path = "UIIamge+Extension.swift"; sourceTree = "<group>"; };
		8D624770213F681A005539FA /* swift_Community-Bridging-Header.h */ = {isa = PBXFileReference; lastKnownFileType = sourcecode.c.h; path = "swift_Community-Bridging-Header.h"; sourceTree = "<group>"; };
		8D624777213F6926005539FA /* JKEncrypt.h */ = {isa = PBXFileReference; fileEncoding = 4; lastKnownFileType = sourcecode.c.h; path = JKEncrypt.h; sourceTree = "<group>"; };
		8D8BE3992199257800DBFF76 /* DiscountModel.swift */ = {isa = PBXFileReference; lastKnownFileType = sourcecode.swift; path = DiscountModel.swift; sourceTree = "<group>"; };
		8D8BE3CB219A6BF300DBFF76 /* libEDS.a */ = {isa = PBXFileReference; lastKnownFileType = archive.ar; path = libEDS.a; sourceTree = "<group>"; };
		8D8BE3CE219ABFB100DBFF76 /* DiscountCategory.swift */ = {isa = PBXFileReference; lastKnownFileType = sourcecode.swift; path = DiscountCategory.swift; sourceTree = "<group>"; };
		8D990D7A2192BAE6008959C9 /* IntExtension.swift */ = {isa = PBXFileReference; lastKnownFileType = sourcecode.swift; path = IntExtension.swift; sourceTree = "<group>"; };
		8D990D7C2192C01A008959C9 /* DiscountHeaderView.swift */ = {isa = PBXFileReference; lastKnownFileType = sourcecode.swift; path = DiscountHeaderView.swift; sourceTree = "<group>"; };
		8DF650FB2147B79700A864C8 /* NetworkTool.swift */ = {isa = PBXFileReference; lastKnownFileType = sourcecode.swift; path = NetworkTool.swift; sourceTree = "<group>"; };
		8DF650FD2148B5AB00A864C8 /* HomeModel.swift */ = {isa = PBXFileReference; lastKnownFileType = sourcecode.swift; path = HomeModel.swift; sourceTree = "<group>"; };
		8DF650FF2148E98700A864C8 /* HomeAdCollectionViewCell.swift */ = {isa = PBXFileReference; lastKnownFileType = sourcecode.swift; path = HomeAdCollectionViewCell.swift; sourceTree = "<group>"; };
		8DF65101214B611300A864C8 /* HomeModuleCollectionViewCell.swift */ = {isa = PBXFileReference; lastKnownFileType = sourcecode.swift; path = HomeModuleCollectionViewCell.swift; sourceTree = "<group>"; };
		8DF65102214B611300A864C8 /* HomeModuleCollectionViewCell.xib */ = {isa = PBXFileReference; lastKnownFileType = file.xib; path = HomeModuleCollectionViewCell.xib; sourceTree = "<group>"; };
		8DF65105214B8DF000A864C8 /* NewsListCollectionViewCell.swift */ = {isa = PBXFileReference; lastKnownFileType = sourcecode.swift; path = NewsListCollectionViewCell.swift; sourceTree = "<group>"; };
		8DF65106214B8DF000A864C8 /* NewsListCollectionViewCell.xib */ = {isa = PBXFileReference; lastKnownFileType = file.xib; path = NewsListCollectionViewCell.xib; sourceTree = "<group>"; };
		8DF65109214BAA4B00A864C8 /* NewsListCollectionReusableView.swift */ = {isa = PBXFileReference; lastKnownFileType = sourcecode.swift; path = NewsListCollectionReusableView.swift; sourceTree = "<group>"; };
		8DF6510A214BAA4B00A864C8 /* NewsListCollectionReusableView.xib */ = {isa = PBXFileReference; lastKnownFileType = file.xib; path = NewsListCollectionReusableView.xib; sourceTree = "<group>"; };
		8DF651112150ABFA00A864C8 /* MeViewController.swift */ = {isa = PBXFileReference; lastKnownFileType = sourcecode.swift; path = MeViewController.swift; sourceTree = "<group>"; };
		8DF651132150AC3B00A864C8 /* MeHomeTableViewCell.swift */ = {isa = PBXFileReference; lastKnownFileType = sourcecode.swift; path = MeHomeTableViewCell.swift; sourceTree = "<group>"; };
		8DF651152150D64F00A864C8 /* MeModel.swift */ = {isa = PBXFileReference; lastKnownFileType = sourcecode.swift; path = MeModel.swift; sourceTree = "<group>"; };
		8DF79788216F34FC00AFA7D5 /* CoreGraphics.framework */ = {isa = PBXFileReference; lastKnownFileType = wrapper.framework; name = CoreGraphics.framework; path = System/Library/Frameworks/CoreGraphics.framework; sourceTree = SDKROOT; };
		8DF797BA218064E000AFA7D5 /* DiscountViewController.swift */ = {isa = PBXFileReference; lastKnownFileType = sourcecode.swift; path = DiscountViewController.swift; sourceTree = "<group>"; };
		8DF797BE2180655600AFA7D5 /* DiscountTableViewCell.swift */ = {isa = PBXFileReference; lastKnownFileType = sourcecode.swift; path = DiscountTableViewCell.swift; sourceTree = "<group>"; };
		8DF797BF2180655600AFA7D5 /* DiscountTableViewCell.xib */ = {isa = PBXFileReference; lastKnownFileType = file.xib; path = DiscountTableViewCell.xib; sourceTree = "<group>"; };
		C6F4B890FD4989B6A8A1817A /* Pods_swift_CommunityTests.framework */ = {isa = PBXFileReference; explicitFileType = wrapper.framework; includeInIndex = 0; path = Pods_swift_CommunityTests.framework; sourceTree = BUILT_PRODUCTS_DIR; };
		F3F5795892E7F21E5AF1AF13 /* Pods-swift_Community.release.xcconfig */ = {isa = PBXFileReference; includeInIndex = 1; lastKnownFileType = text.xcconfig; name = "Pods-swift_Community.release.xcconfig"; path = "Pods/Target Support Files/Pods-swift_Community/Pods-swift_Community.release.xcconfig"; sourceTree = "<group>"; };
/* End PBXFileReference section */

/* Begin PBXFrameworksBuildPhase section */
		8D624720213E3629005539FA /* Frameworks */ = {
			isa = PBXFrameworksBuildPhase;
			buildActionMask = 2147483647;
			files = (
				8D8BE3CC219A6BF400DBFF76 /* libEDS.a in Frameworks */,
				0C06943F6A86D23AF0546DD5 /* Pods_swift_Community.framework in Frameworks */,
			);
			runOnlyForDeploymentPostprocessing = 0;
		};
		8D624734213E362A005539FA /* Frameworks */ = {
			isa = PBXFrameworksBuildPhase;
			buildActionMask = 2147483647;
			files = (
				47AABC568CD0136B76ABC63D /* Pods_swift_CommunityTests.framework in Frameworks */,
			);
			runOnlyForDeploymentPostprocessing = 0;
		};
		8D62473F213E362A005539FA /* Frameworks */ = {
			isa = PBXFrameworksBuildPhase;
			buildActionMask = 2147483647;
			files = (
				EA060B80829EBD1C474D64B6 /* Pods_swift_CommunityUITests.framework in Frameworks */,
			);
			runOnlyForDeploymentPostprocessing = 0;
		};
/* End PBXFrameworksBuildPhase section */

/* Begin PBXGroup section */
		100FE57DE676C961B656CE3D /* Pods */ = {
			isa = PBXGroup;
			children = (
				64AE87F6D9F74E67FBD5FC51 /* Pods-swift_Community.debug.xcconfig */,
				F3F5795892E7F21E5AF1AF13 /* Pods-swift_Community.release.xcconfig */,
				73E2F8EEE19B6F7BE4397A53 /* Pods-swift_CommunityTests.debug.xcconfig */,
				4F50C1ECA8BC4F28F8588229 /* Pods-swift_CommunityTests.release.xcconfig */,
				81FB9931EAD50AB0AAC2611F /* Pods-swift_CommunityUITests.debug.xcconfig */,
				4515ABC861FD994EF9526282 /* Pods-swift_CommunityUITests.release.xcconfig */,
			);
			name = Pods;
			sourceTree = "<group>";
		};
		8D62471A213E3629005539FA = {
			isa = PBXGroup;
			children = (
				8D624725213E3629005539FA /* swift_Community */,
				8D62473A213E362A005539FA /* swift_CommunityTests */,
				8D624745213E362A005539FA /* swift_CommunityUITests */,
				8D624724213E3629005539FA /* Products */,
				100FE57DE676C961B656CE3D /* Pods */,
				CA5B8D287FFEA2129874008B /* Frameworks */,
			);
			sourceTree = "<group>";
		};
		8D624724213E3629005539FA /* Products */ = {
			isa = PBXGroup;
			children = (
				8D624723213E3629005539FA /* swift_Community.app */,
				8D624737213E362A005539FA /* swift_CommunityTests.xctest */,
				8D624742213E362A005539FA /* swift_CommunityUITests.xctest */,
			);
			name = Products;
			sourceTree = "<group>";
		};
		8D624725213E3629005539FA /* swift_Community */ = {
			isa = PBXGroup;
			children = (
				8D624757213E36FE005539FA /* Macros(宏定义文件) */,
				8D624758213E36FE005539FA /* Main(主要功能模块) */,
				8D624759213E36FE005539FA /* Managers(全局管理者) */,
				8D624756213E36FE005539FA /* Networks(网络请求接口) */,
				8D624754213E36FE005539FA /* Utils(其他) */,
				8D624755213E36FE005539FA /* Vendors(依赖SDK) */,
				8D624726213E3629005539FA /* AppDelegate.swift */,
				8D624728213E3629005539FA /* ViewController.swift */,
				8D62472A213E3629005539FA /* Main.storyboard */,
				8D62472D213E362A005539FA /* Assets.xcassets */,
				8D62472F213E362A005539FA /* LaunchScreen.storyboard */,
				8D624732213E362A005539FA /* Info.plist */,
			);
			path = swift_Community;
			sourceTree = "<group>";
		};
		8D62473A213E362A005539FA /* swift_CommunityTests */ = {
			isa = PBXGroup;
			children = (
				8D62473B213E362A005539FA /* swift_CommunityTests.swift */,
				8D62473D213E362A005539FA /* Info.plist */,
			);
			path = swift_CommunityTests;
			sourceTree = "<group>";
		};
		8D624745213E362A005539FA /* swift_CommunityUITests */ = {
			isa = PBXGroup;
			children = (
				8D624746213E362A005539FA /* swift_CommunityUITests.swift */,
				8D624748213E362A005539FA /* Info.plist */,
			);
			path = swift_CommunityUITests;
			sourceTree = "<group>";
		};
		8D624754213E36FE005539FA /* Utils(其他) */ = {
			isa = PBXGroup;
			children = (
				8D624774213F6926005539FA /* 3DES */,
				8D624769213E55AF005539FA /* extension */,
				8D624770213F681A005539FA /* swift_Community-Bridging-Header.h */,
			);
			path = "Utils(其他)";
			sourceTree = "<group>";
		};
		8D624755213E36FE005539FA /* Vendors(依赖SDK) */ = {
			isa = PBXGroup;
			children = (
			);
			path = "Vendors(依赖SDK)";
			sourceTree = "<group>";
		};
		8D624756213E36FE005539FA /* Networks(网络请求接口) */ = {
			isa = PBXGroup;
			children = (
				8DF650FB2147B79700A864C8 /* NetworkTool.swift */,
			);
			path = "Networks(网络请求接口)";
			sourceTree = "<group>";
		};
		8D624757213E36FE005539FA /* Macros(宏定义文件) */ = {
			isa = PBXGroup;
			children = (
				8D624763213E524E005539FA /* MMGlobalProperty.swift */,
				8D624765213E5274005539FA /* MMGlobalMethod.swift */,
			);
			path = "Macros(宏定义文件)";
			sourceTree = "<group>";
		};
		8D624758213E36FE005539FA /* Main(主要功能模块) */ = {
			isa = PBXGroup;
			children = (
				8DF797B6218064AD00AFA7D5 /* Discount */,
				8DF6510D2150ABB700A864C8 /* Me */,
				8D62475D213E4DCF005539FA /* Home */,
				8D62475A213E37BF005539FA /* Base */,
			);
			path = "Main(主要功能模块)";
			sourceTree = "<group>";
		};
		8D624759213E36FE005539FA /* Managers(全局管理者) */ = {
			isa = PBXGroup;
			children = (
			);
			path = "Managers(全局管理者)";
			sourceTree = "<group>";
		};
		8D62475A213E37BF005539FA /* Base */ = {
			isa = PBXGroup;
			children = (
				8D62475B213E3804005539FA /* MainTabViewController.swift */,
				8D624767213E5422005539FA /* MainNavigationController.swift */,
			);
			path = Base;
			sourceTree = "<group>";
		};
		8D62475D213E4DCF005539FA /* Home */ = {
			isa = PBXGroup;
			children = (
				8D624760213E4DF6005539FA /* Controller */,
				8D62475F213E4DE9005539FA /* View */,
				8D62475E213E4DDD005539FA /* Model */,
			);
			path = Home;
			sourceTree = "<group>";
		};
		8D62475E213E4DDD005539FA /* Model */ = {
			isa = PBXGroup;
			children = (
				8DF650FD2148B5AB00A864C8 /* HomeModel.swift */,
			);
			path = Model;
			sourceTree = "<group>";
		};
		8D62475F213E4DE9005539FA /* View */ = {
			isa = PBXGroup;
			children = (
				8DF650FF2148E98700A864C8 /* HomeAdCollectionViewCell.swift */,
				8DF65101214B611300A864C8 /* HomeModuleCollectionViewCell.swift */,
				8DF65102214B611300A864C8 /* HomeModuleCollectionViewCell.xib */,
				8DF65105214B8DF000A864C8 /* NewsListCollectionViewCell.swift */,
				8DF65106214B8DF000A864C8 /* NewsListCollectionViewCell.xib */,
				8DF65109214BAA4B00A864C8 /* NewsListCollectionReusableView.swift */,
				8DF6510A214BAA4B00A864C8 /* NewsListCollectionReusableView.xib */,
			);
			path = View;
			sourceTree = "<group>";
		};
		8D624760213E4DF6005539FA /* Controller */ = {
			isa = PBXGroup;
			children = (
				8D624761213E4E1F005539FA /* HomeViewController.swift */,
			);
			path = Controller;
			sourceTree = "<group>";
		};
		8D624769213E55AF005539FA /* extension */ = {
			isa = PBXGroup;
			children = (
				8D62476A213E5613005539FA /* UIIamge+Extension.swift */,
				8D990D7A2192BAE6008959C9 /* IntExtension.swift */,
			);
			path = extension;
			sourceTree = "<group>";
		};
		8D624774213F6926005539FA /* 3DES */ = {
			isa = PBXGroup;
			children = (
				8D624777213F6926005539FA /* JKEncrypt.h */,
				8D8BE3CB219A6BF300DBFF76 /* libEDS.a */,
			);
			path = 3DES;
			sourceTree = "<group>";
		};
		8DF6510D2150ABB700A864C8 /* Me */ = {
			isa = PBXGroup;
			children = (
				8DF6510E2150ABD000A864C8 /* Controller */,
				8DF651102150ABE400A864C8 /* Model */,
				8DF6510F2150ABD900A864C8 /* View */,
			);
			path = Me;
			sourceTree = "<group>";
		};
		8DF6510E2150ABD000A864C8 /* Controller */ = {
			isa = PBXGroup;
			children = (
				8DF651112150ABFA00A864C8 /* MeViewController.swift */,
			);
			path = Controller;
			sourceTree = "<group>";
		};
		8DF6510F2150ABD900A864C8 /* View */ = {
			isa = PBXGroup;
			children = (
				8DF651132150AC3B00A864C8 /* MeHomeTableViewCell.swift */,
			);
			path = View;
			sourceTree = "<group>";
		};
		8DF651102150ABE400A864C8 /* Model */ = {
			isa = PBXGroup;
			children = (
				8DF651152150D64F00A864C8 /* MeModel.swift */,
			);
			path = Model;
			sourceTree = "<group>";
		};
		8DF797B6218064AD00AFA7D5 /* Discount */ = {
			isa = PBXGroup;
			children = (
				8DF797B7218064AD00AFA7D5 /* Controller */,
				8DF797B8218064AD00AFA7D5 /* Model */,
				8DF797B9218064AD00AFA7D5 /* View */,
			);
			path = Discount;
			sourceTree = "<group>";
		};
		8DF797B7218064AD00AFA7D5 /* Controller */ = {
			isa = PBXGroup;
			children = (
				8DF797BA218064E000AFA7D5 /* DiscountViewController.swift */,
			);
			path = Controller;
			sourceTree = "<group>";
		};
		8DF797B8218064AD00AFA7D5 /* Model */ = {
			isa = PBXGroup;
			children = (
				8D8BE3992199257800DBFF76 /* DiscountModel.swift */,
			);
			path = Model;
			sourceTree = "<group>";
		};
		8DF797B9218064AD00AFA7D5 /* View */ = {
			isa = PBXGroup;
			children = (
				8DF797BE2180655600AFA7D5 /* DiscountTableViewCell.swift */,
				8DF797BF2180655600AFA7D5 /* DiscountTableViewCell.xib */,
				8D990D7C2192C01A008959C9 /* DiscountHeaderView.swift */,
				8D8BE3CE219ABFB100DBFF76 /* DiscountCategory.swift */,
			);
			path = View;
			sourceTree = "<group>";
		};
		CA5B8D287FFEA2129874008B /* Frameworks */ = {
			isa = PBXGroup;
			children = (
				8DF79788216F34FC00AFA7D5 /* CoreGraphics.framework */,
				4A5E6C0BACB977C1ED1FC142 /* Pods_swift_Community.framework */,
				C6F4B890FD4989B6A8A1817A /* Pods_swift_CommunityTests.framework */,
				193F3E9AEC230CC704018BD5 /* Pods_swift_CommunityUITests.framework */,
			);
			name = Frameworks;
			sourceTree = "<group>";
		};
/* End PBXGroup section */

/* Begin PBXNativeTarget section */
		8D624722213E3629005539FA /* swift_Community */ = {
			isa = PBXNativeTarget;
			buildConfigurationList = 8D62474B213E362A005539FA /* Build configuration list for PBXNativeTarget "swift_Community" */;
			buildPhases = (
				ABD794467B116371117C7311 /* [CP] Check Pods Manifest.lock */,
				8D62471F213E3629005539FA /* Sources */,
				8D624720213E3629005539FA /* Frameworks */,
				8D624721213E3629005539FA /* Resources */,
				D20CD6075E0FFEB4E02C015E /* [CP] Embed Pods Frameworks */,
			);
			buildRules = (
			);
			dependencies = (
			);
			name = swift_Community;
			productName = swift_Community;
			productReference = 8D624723213E3629005539FA /* swift_Community.app */;
			productType = "com.apple.product-type.application";
		};
		8D624736213E362A005539FA /* swift_CommunityTests */ = {
			isa = PBXNativeTarget;
			buildConfigurationList = 8D62474E213E362A005539FA /* Build configuration list for PBXNativeTarget "swift_CommunityTests" */;
			buildPhases = (
				A75DF72A2B12BB68E4A26FAA /* [CP] Check Pods Manifest.lock */,
				8D624733213E362A005539FA /* Sources */,
				8D624734213E362A005539FA /* Frameworks */,
				8D624735213E362A005539FA /* Resources */,
			);
			buildRules = (
			);
			dependencies = (
				8D624739213E362A005539FA /* PBXTargetDependency */,
			);
			name = swift_CommunityTests;
			productName = swift_CommunityTests;
			productReference = 8D624737213E362A005539FA /* swift_CommunityTests.xctest */;
			productType = "com.apple.product-type.bundle.unit-test";
		};
		8D624741213E362A005539FA /* swift_CommunityUITests */ = {
			isa = PBXNativeTarget;
			buildConfigurationList = 8D624751213E362A005539FA /* Build configuration list for PBXNativeTarget "swift_CommunityUITests" */;
			buildPhases = (
				BD8371EA7813FAFD87E481A9 /* [CP] Check Pods Manifest.lock */,
				8D62473E213E362A005539FA /* Sources */,
				8D62473F213E362A005539FA /* Frameworks */,
				8D624740213E362A005539FA /* Resources */,
			);
			buildRules = (
			);
			dependencies = (
				8D624744213E362A005539FA /* PBXTargetDependency */,
			);
			name = swift_CommunityUITests;
			productName = swift_CommunityUITests;
			productReference = 8D624742213E362A005539FA /* swift_CommunityUITests.xctest */;
			productType = "com.apple.product-type.bundle.ui-testing";
		};
/* End PBXNativeTarget section */

/* Begin PBXProject section */
		8D62471B213E3629005539FA /* Project object */ = {
			isa = PBXProject;
			attributes = {
				LastSwiftUpdateCheck = 0940;
				LastUpgradeCheck = 0940;
				ORGANIZATIONNAME = MM;
				TargetAttributes = {
					8D624722213E3629005539FA = {
						CreatedOnToolsVersion = 9.4.1;
						LastSwiftMigration = 0940;
					};
					8D624736213E362A005539FA = {
						CreatedOnToolsVersion = 9.4.1;
						TestTargetID = 8D624722213E3629005539FA;
					};
					8D624741213E362A005539FA = {
						CreatedOnToolsVersion = 9.4.1;
						TestTargetID = 8D624722213E3629005539FA;
					};
				};
			};
			buildConfigurationList = 8D62471E213E3629005539FA /* Build configuration list for PBXProject "swift_Community" */;
			compatibilityVersion = "Xcode 9.3";
			developmentRegion = en;
			hasScannedForEncodings = 0;
			knownRegions = (
				en,
				Base,
			);
			mainGroup = 8D62471A213E3629005539FA;
			productRefGroup = 8D624724213E3629005539FA /* Products */;
			projectDirPath = "";
			projectRoot = "";
			targets = (
				8D624722213E3629005539FA /* swift_Community */,
				8D624736213E362A005539FA /* swift_CommunityTests */,
				8D624741213E362A005539FA /* swift_CommunityUITests */,
			);
		};
/* End PBXProject section */

/* Begin PBXResourcesBuildPhase section */
		8D624721213E3629005539FA /* Resources */ = {
			isa = PBXResourcesBuildPhase;
			buildActionMask = 2147483647;
			files = (
				8D624731213E362A005539FA /* LaunchScreen.storyboard in Resources */,
				8D62472E213E362A005539FA /* Assets.xcassets in Resources */,
				8DF65104214B611300A864C8 /* HomeModuleCollectionViewCell.xib in Resources */,
				8DF797C12180655600AFA7D5 /* DiscountTableViewCell.xib in Resources */,
				8D62472C213E3629005539FA /* Main.storyboard in Resources */,
				8DF6510C214BAA4B00A864C8 /* NewsListCollectionReusableView.xib in Resources */,
				8DF65108214B8DF000A864C8 /* NewsListCollectionViewCell.xib in Resources */,
			);
			runOnlyForDeploymentPostprocessing = 0;
		};
		8D624735213E362A005539FA /* Resources */ = {
			isa = PBXResourcesBuildPhase;
			buildActionMask = 2147483647;
			files = (
			);
			runOnlyForDeploymentPostprocessing = 0;
		};
		8D624740213E362A005539FA /* Resources */ = {
			isa = PBXResourcesBuildPhase;
			buildActionMask = 2147483647;
			files = (
			);
			runOnlyForDeploymentPostprocessing = 0;
		};
/* End PBXResourcesBuildPhase section */

/* Begin PBXShellScriptBuildPhase section */
		A75DF72A2B12BB68E4A26FAA /* [CP] Check Pods Manifest.lock */ = {
			isa = PBXShellScriptBuildPhase;
			buildActionMask = 2147483647;
			files = (
			);
			inputPaths = (
				"${PODS_PODFILE_DIR_PATH}/Podfile.lock",
				"${PODS_ROOT}/Manifest.lock",
			);
			name = "[CP] Check Pods Manifest.lock";
			outputPaths = (
				"$(DERIVED_FILE_DIR)/Pods-swift_CommunityTests-checkManifestLockResult.txt",
			);
			runOnlyForDeploymentPostprocessing = 0;
			shellPath = /bin/sh;
			shellScript = "diff \"${PODS_PODFILE_DIR_PATH}/Podfile.lock\" \"${PODS_ROOT}/Manifest.lock\" > /dev/null\nif [ $? != 0 ] ; then\n    # print error to STDERR\n    echo \"error: The sandbox is not in sync with the Podfile.lock. Run 'pod install' or update your CocoaPods installation.\" >&2\n    exit 1\nfi\n# This output is used by Xcode 'outputs' to avoid re-running this script phase.\necho \"SUCCESS\" > \"${SCRIPT_OUTPUT_FILE_0}\"\n";
			showEnvVarsInLog = 0;
		};
		ABD794467B116371117C7311 /* [CP] Check Pods Manifest.lock */ = {
			isa = PBXShellScriptBuildPhase;
			buildActionMask = 2147483647;
			files = (
			);
			inputPaths = (
				"${PODS_PODFILE_DIR_PATH}/Podfile.lock",
				"${PODS_ROOT}/Manifest.lock",
			);
			name = "[CP] Check Pods Manifest.lock";
			outputPaths = (
				"$(DERIVED_FILE_DIR)/Pods-swift_Community-checkManifestLockResult.txt",
			);
			runOnlyForDeploymentPostprocessing = 0;
			shellPath = /bin/sh;
			shellScript = "diff \"${PODS_PODFILE_DIR_PATH}/Podfile.lock\" \"${PODS_ROOT}/Manifest.lock\" > /dev/null\nif [ $? != 0 ] ; then\n    # print error to STDERR\n    echo \"error: The sandbox is not in sync with the Podfile.lock. Run 'pod install' or update your CocoaPods installation.\" >&2\n    exit 1\nfi\n# This output is used by Xcode 'outputs' to avoid re-running this script phase.\necho \"SUCCESS\" > \"${SCRIPT_OUTPUT_FILE_0}\"\n";
			showEnvVarsInLog = 0;
		};
		BD8371EA7813FAFD87E481A9 /* [CP] Check Pods Manifest.lock */ = {
			isa = PBXShellScriptBuildPhase;
			buildActionMask = 2147483647;
			files = (
			);
			inputPaths = (
				"${PODS_PODFILE_DIR_PATH}/Podfile.lock",
				"${PODS_ROOT}/Manifest.lock",
			);
			name = "[CP] Check Pods Manifest.lock";
			outputPaths = (
				"$(DERIVED_FILE_DIR)/Pods-swift_CommunityUITests-checkManifestLockResult.txt",
			);
			runOnlyForDeploymentPostprocessing = 0;
			shellPath = /bin/sh;
			shellScript = "diff \"${PODS_PODFILE_DIR_PATH}/Podfile.lock\" \"${PODS_ROOT}/Manifest.lock\" > /dev/null\nif [ $? != 0 ] ; then\n    # print error to STDERR\n    echo \"error: The sandbox is not in sync with the Podfile.lock. Run 'pod install' or update your CocoaPods installation.\" >&2\n    exit 1\nfi\n# This output is used by Xcode 'outputs' to avoid re-running this script phase.\necho \"SUCCESS\" > \"${SCRIPT_OUTPUT_FILE_0}\"\n";
			showEnvVarsInLog = 0;
		};
		D20CD6075E0FFEB4E02C015E /* [CP] Embed Pods Frameworks */ = {
			isa = PBXShellScriptBuildPhase;
			buildActionMask = 2147483647;
			files = (
			);
			inputPaths = (
				"${SRCROOT}/Pods/Target Support Files/Pods-swift_Community/Pods-swift_Community-frameworks.sh",
				"${BUILT_PRODUCTS_DIR}/Alamofire/Alamofire.framework",
				"${BUILT_PRODUCTS_DIR}/AlamofireObjectMapper/AlamofireObjectMapper.framework",
				"${BUILT_PRODUCTS_DIR}/Cache/Cache.framework",
				"${BUILT_PRODUCTS_DIR}/DGElasticPullToRefresh/DGElasticPullToRefresh.framework",
				"${BUILT_PRODUCTS_DIR}/DaisyNet/DaisyNet.framework",
				"${BUILT_PRODUCTS_DIR}/HandyJSON/HandyJSON.framework",
				"${BUILT_PRODUCTS_DIR}/Kingfisher/Kingfisher.framework",
				"${BUILT_PRODUCTS_DIR}/LLCycleScrollView/LLCycleScrollView.framework",
				"${BUILT_PRODUCTS_DIR}/ObjectMapper/ObjectMapper.framework",
				"${BUILT_PRODUCTS_DIR}/SnapKit/SnapKit.framework",
				"${BUILT_PRODUCTS_DIR}/SwiftyJSON/SwiftyJSON.framework",
			);
			name = "[CP] Embed Pods Frameworks";
			outputPaths = (
				"${TARGET_BUILD_DIR}/${FRAMEWORKS_FOLDER_PATH}/Alamofire.framework",
				"${TARGET_BUILD_DIR}/${FRAMEWORKS_FOLDER_PATH}/AlamofireObjectMapper.framework",
				"${TARGET_BUILD_DIR}/${FRAMEWORKS_FOLDER_PATH}/Cache.framework",
				"${TARGET_BUILD_DIR}/${FRAMEWORKS_FOLDER_PATH}/DGElasticPullToRefresh.framework",
				"${TARGET_BUILD_DIR}/${FRAMEWORKS_FOLDER_PATH}/DaisyNet.framework",
				"${TARGET_BUILD_DIR}/${FRAMEWORKS_FOLDER_PATH}/HandyJSON.framework",
				"${TARGET_BUILD_DIR}/${FRAMEWORKS_FOLDER_PATH}/Kingfisher.framework",
				"${TARGET_BUILD_DIR}/${FRAMEWORKS_FOLDER_PATH}/LLCycleScrollView.framework",
				"${TARGET_BUILD_DIR}/${FRAMEWORKS_FOLDER_PATH}/ObjectMapper.framework",
				"${TARGET_BUILD_DIR}/${FRAMEWORKS_FOLDER_PATH}/SnapKit.framework",
				"${TARGET_BUILD_DIR}/${FRAMEWORKS_FOLDER_PATH}/SwiftyJSON.framework",
			);
			runOnlyForDeploymentPostprocessing = 0;
			shellPath = /bin/sh;
			shellScript = "\"${SRCROOT}/Pods/Target Support Files/Pods-swift_Community/Pods-swift_Community-frameworks.sh\"\n";
			showEnvVarsInLog = 0;
		};
/* End PBXShellScriptBuildPhase section */

/* Begin PBXSourcesBuildPhase section */
		8D62471F213E3629005539FA /* Sources */ = {
			isa = PBXSourcesBuildPhase;
			buildActionMask = 2147483647;
			files = (
				8DF651122150ABFA00A864C8 /* MeViewController.swift in Sources */,
				8D990D7B2192BAE6008959C9 /* IntExtension.swift in Sources */,
				8DF650FC2147B79700A864C8 /* NetworkTool.swift in Sources */,
				8DF797C02180655600AFA7D5 /* DiscountTableViewCell.swift in Sources */,
				8D624729213E3629005539FA /* ViewController.swift in Sources */,
				8DF6510B214BAA4B00A864C8 /* NewsListCollectionReusableView.swift in Sources */,
				8D624764213E524E005539FA /* MMGlobalProperty.swift in Sources */,
				8D8BE39A2199257800DBFF76 /* DiscountModel.swift in Sources */,
				8D8BE3CF219ABFB100DBFF76 /* DiscountCategory.swift in Sources */,
				8D990D7D2192C01A008959C9 /* DiscountHeaderView.swift in Sources */,
				8D624727213E3629005539FA /* AppDelegate.swift in Sources */,
				8DF651002148E98700A864C8 /* HomeAdCollectionViewCell.swift in Sources */,
				8DF651142150AC3B00A864C8 /* MeHomeTableViewCell.swift in Sources */,
				8DF65107214B8DF000A864C8 /* NewsListCollectionViewCell.swift in Sources */,
				8D62476B213E5613005539FA /* UIIamge+Extension.swift in Sources */,
				8DF65103214B611300A864C8 /* HomeModuleCollectionViewCell.swift in Sources */,
				8D62475C213E3804005539FA /* MainTabViewController.swift in Sources */,
				8D624768213E5422005539FA /* MainNavigationController.swift in Sources */,
				8DF650FE2148B5AB00A864C8 /* HomeModel.swift in Sources */,
				8DF797BB218064E000AFA7D5 /* DiscountViewController.swift in Sources */,
				8DF651162150D64F00A864C8 /* MeModel.swift in Sources */,
				8D624762213E4E20005539FA /* HomeViewController.swift in Sources */,
				8D624766213E5274005539FA /* MMGlobalMethod.swift in Sources */,
			);
			runOnlyForDeploymentPostprocessing = 0;
		};
		8D624733213E362A005539FA /* Sources */ = {
			isa = PBXSourcesBuildPhase;
			buildActionMask = 2147483647;
			files = (
				8D62473C213E362A005539FA /* swift_CommunityTests.swift in Sources */,
			);
			runOnlyForDeploymentPostprocessing = 0;
		};
		8D62473E213E362A005539FA /* Sources */ = {
			isa = PBXSourcesBuildPhase;
			buildActionMask = 2147483647;
			files = (
				8D624747213E362A005539FA /* swift_CommunityUITests.swift in Sources */,
			);
			runOnlyForDeploymentPostprocessing = 0;
		};
/* End PBXSourcesBuildPhase section */

/* Begin PBXTargetDependency section */
		8D624739213E362A005539FA /* PBXTargetDependency */ = {
			isa = PBXTargetDependency;
			target = 8D624722213E3629005539FA /* swift_Community */;
			targetProxy = 8D624738213E362A005539FA /* PBXContainerItemProxy */;
		};
		8D624744213E362A005539FA /* PBXTargetDependency */ = {
			isa = PBXTargetDependency;
			target = 8D624722213E3629005539FA /* swift_Community */;
			targetProxy = 8D624743213E362A005539FA /* PBXContainerItemProxy */;
		};
/* End PBXTargetDependency section */

/* Begin PBXVariantGroup section */
		8D62472A213E3629005539FA /* Main.storyboard */ = {
			isa = PBXVariantGroup;
			children = (
				8D62472B213E3629005539FA /* Base */,
			);
			name = Main.storyboard;
			sourceTree = "<group>";
		};
		8D62472F213E362A005539FA /* LaunchScreen.storyboard */ = {
			isa = PBXVariantGroup;
			children = (
				8D624730213E362A005539FA /* Base */,
			);
			name = LaunchScreen.storyboard;
			sourceTree = "<group>";
		};
/* End PBXVariantGroup section */

/* Begin XCBuildConfiguration section */
		8D624749213E362A005539FA /* Debug */ = {
			isa = XCBuildConfiguration;
			buildSettings = {
				ALWAYS_SEARCH_USER_PATHS = NO;
				CLANG_ANALYZER_NONNULL = YES;
				CLANG_ANALYZER_NUMBER_OBJECT_CONVERSION = YES_AGGRESSIVE;
				CLANG_CXX_LANGUAGE_STANDARD = "gnu++14";
				CLANG_CXX_LIBRARY = "libc++";
				CLANG_ENABLE_MODULES = YES;
				CLANG_ENABLE_OBJC_ARC = YES;
				CLANG_ENABLE_OBJC_WEAK = YES;
				CLANG_WARN_BLOCK_CAPTURE_AUTORELEASING = YES;
				CLANG_WARN_BOOL_CONVERSION = YES;
				CLANG_WARN_COMMA = YES;
				CLANG_WARN_CONSTANT_CONVERSION = YES;
				CLANG_WARN_DEPRECATED_OBJC_IMPLEMENTATIONS = YES;
				CLANG_WARN_DIRECT_OBJC_ISA_USAGE = YES_ERROR;
				CLANG_WARN_DOCUMENTATION_COMMENTS = YES;
				CLANG_WARN_EMPTY_BODY = YES;
				CLANG_WARN_ENUM_CONVERSION = YES;
				CLANG_WARN_INFINITE_RECURSION = YES;
				CLANG_WARN_INT_CONVERSION = YES;
				CLANG_WARN_NON_LITERAL_NULL_CONVERSION = YES;
				CLANG_WARN_OBJC_IMPLICIT_RETAIN_SELF = YES;
				CLANG_WARN_OBJC_LITERAL_CONVERSION = YES;
				CLANG_WARN_OBJC_ROOT_CLASS = YES_ERROR;
				CLANG_WARN_RANGE_LOOP_ANALYSIS = YES;
				CLANG_WARN_STRICT_PROTOTYPES = YES;
				CLANG_WARN_SUSPICIOUS_MOVE = YES;
				CLANG_WARN_UNGUARDED_AVAILABILITY = YES_AGGRESSIVE;
				CLANG_WARN_UNREACHABLE_CODE = YES;
				CLANG_WARN__DUPLICATE_METHOD_MATCH = YES;
				CODE_SIGN_IDENTITY = "iPhone Developer";
				COPY_PHASE_STRIP = NO;
				DEBUG_INFORMATION_FORMAT = dwarf;
				ENABLE_STRICT_OBJC_MSGSEND = YES;
				ENABLE_TESTABILITY = YES;
				GCC_C_LANGUAGE_STANDARD = gnu11;
				GCC_DYNAMIC_NO_PIC = NO;
				GCC_NO_COMMON_BLOCKS = YES;
				GCC_OPTIMIZATION_LEVEL = 0;
				GCC_PREPROCESSOR_DEFINITIONS = (
					"DEBUG=1",
					"$(inherited)",
				);
				GCC_WARN_64_TO_32_BIT_CONVERSION = YES;
				GCC_WARN_ABOUT_RETURN_TYPE = YES_ERROR;
				GCC_WARN_UNDECLARED_SELECTOR = YES;
				GCC_WARN_UNINITIALIZED_AUTOS = YES_AGGRESSIVE;
				GCC_WARN_UNUSED_FUNCTION = YES;
				GCC_WARN_UNUSED_VARIABLE = YES;
				IPHONEOS_DEPLOYMENT_TARGET = 11.4;
				MTL_ENABLE_DEBUG_INFO = YES;
				ONLY_ACTIVE_ARCH = YES;
				SDKROOT = iphoneos;
				SWIFT_ACTIVE_COMPILATION_CONDITIONS = DEBUG;
				SWIFT_OPTIMIZATION_LEVEL = "-Onone";
			};
			name = Debug;
		};
		8D62474A213E362A005539FA /* Release */ = {
			isa = XCBuildConfiguration;
			buildSettings = {
				ALWAYS_SEARCH_USER_PATHS = NO;
				CLANG_ANALYZER_NONNULL = YES;
				CLANG_ANALYZER_NUMBER_OBJECT_CONVERSION = YES_AGGRESSIVE;
				CLANG_CXX_LANGUAGE_STANDARD = "gnu++14";
				CLANG_CXX_LIBRARY = "libc++";
				CLANG_ENABLE_MODULES = YES;
				CLANG_ENABLE_OBJC_ARC = YES;
				CLANG_ENABLE_OBJC_WEAK = YES;
				CLANG_WARN_BLOCK_CAPTURE_AUTORELEASING = YES;
				CLANG_WARN_BOOL_CONVERSION = YES;
				CLANG_WARN_COMMA = YES;
				CLANG_WARN_CONSTANT_CONVERSION = YES;
				CLANG_WARN_DEPRECATED_OBJC_IMPLEMENTATIONS = YES;
				CLANG_WARN_DIRECT_OBJC_ISA_USAGE = YES_ERROR;
				CLANG_WARN_DOCUMENTATION_COMMENTS = YES;
				CLANG_WARN_EMPTY_BODY = YES;
				CLANG_WARN_ENUM_CONVERSION = YES;
				CLANG_WARN_INFINITE_RECURSION = YES;
				CLANG_WARN_INT_CONVERSION = YES;
				CLANG_WARN_NON_LITERAL_NULL_CONVERSION = YES;
				CLANG_WARN_OBJC_IMPLICIT_RETAIN_SELF = YES;
				CLANG_WARN_OBJC_LITERAL_CONVERSION = YES;
				CLANG_WARN_OBJC_ROOT_CLASS = YES_ERROR;
				CLANG_WARN_RANGE_LOOP_ANALYSIS = YES;
				CLANG_WARN_STRICT_PROTOTYPES = YES;
				CLANG_WARN_SUSPICIOUS_MOVE = YES;
				CLANG_WARN_UNGUARDED_AVAILABILITY = YES_AGGRESSIVE;
				CLANG_WARN_UNREACHABLE_CODE = YES;
				CLANG_WARN__DUPLICATE_METHOD_MATCH = YES;
				CODE_SIGN_IDENTITY = "iPhone Developer";
				COPY_PHASE_STRIP = NO;
				DEBUG_INFORMATION_FORMAT = "dwarf-with-dsym";
				ENABLE_NS_ASSERTIONS = NO;
				ENABLE_STRICT_OBJC_MSGSEND = YES;
				GCC_C_LANGUAGE_STANDARD = gnu11;
				GCC_NO_COMMON_BLOCKS = YES;
				GCC_WARN_64_TO_32_BIT_CONVERSION = YES;
				GCC_WARN_ABOUT_RETURN_TYPE = YES_ERROR;
				GCC_WARN_UNDECLARED_SELECTOR = YES;
				GCC_WARN_UNINITIALIZED_AUTOS = YES_AGGRESSIVE;
				GCC_WARN_UNUSED_FUNCTION = YES;
				GCC_WARN_UNUSED_VARIABLE = YES;
				IPHONEOS_DEPLOYMENT_TARGET = 11.4;
				MTL_ENABLE_DEBUG_INFO = NO;
				SDKROOT = iphoneos;
				SWIFT_COMPILATION_MODE = wholemodule;
				SWIFT_OPTIMIZATION_LEVEL = "-O";
				VALIDATE_PRODUCT = YES;
			};
			name = Release;
		};
		8D62474C213E362A005539FA /* Debug */ = {
			isa = XCBuildConfiguration;
			baseConfigurationReference = 64AE87F6D9F74E67FBD5FC51 /* Pods-swift_Community.debug.xcconfig */;
			buildSettings = {
				ASSETCATALOG_COMPILER_APPICON_NAME = AppIcon;
				CLANG_ENABLE_MODULES = YES;
				CODE_SIGN_STYLE = Automatic;
				DEVELOPMENT_TEAM = 99BZ7YRVZ8;
				HEADER_SEARCH_PATHS = "$(PODS_ROOT)/**";
				INFOPLIST_FILE = swift_Community/Info.plist;
				IPHONEOS_DEPLOYMENT_TARGET = 9.0;
				LD_RUNPATH_SEARCH_PATHS = (
					"$(inherited)",
					"@executable_path/Frameworks",
				);
				LIBRARY_SEARCH_PATHS = (
					"$(inherited)",
					"$(PROJECT_DIR)/swift_Community/Utils(其他)/3DES",
				);
				PRODUCT_BUNDLE_IDENTIFIER = "com.lianchuang.swift-Community";
				PRODUCT_NAME = "$(TARGET_NAME)";
				SWIFT_OBJC_BRIDGING_HEADER = "swift_Community/Utils(其他)/swift_Community-Bridging-Header.h";
				SWIFT_OPTIMIZATION_LEVEL = "-Onone";
				SWIFT_VERSION = 4.0;
				TARGETED_DEVICE_FAMILY = 1;
			};
			name = Debug;
		};
		8D62474D213E362A005539FA /* Release */ = {
			isa = XCBuildConfiguration;
			baseConfigurationReference = F3F5795892E7F21E5AF1AF13 /* Pods-swift_Community.release.xcconfig */;
			buildSettings = {
				ASSETCATALOG_COMPILER_APPICON_NAME = AppIcon;
				CLANG_ENABLE_MODULES = YES;
				CODE_SIGN_STYLE = Automatic;
				DEVELOPMENT_TEAM = 99BZ7YRVZ8;
				HEADER_SEARCH_PATHS = "$(PODS_ROOT)/**";
				INFOPLIST_FILE = swift_Community/Info.plist;
				IPHONEOS_DEPLOYMENT_TARGET = 9.0;
				LD_RUNPATH_SEARCH_PATHS = (
					"$(inherited)",
					"@executable_path/Frameworks",
				);
				LIBRARY_SEARCH_PATHS = (
					"$(inherited)",
					"$(PROJECT_DIR)/swift_Community/Utils(其他)/3DES",
				);
				PRODUCT_BUNDLE_IDENTIFIER = "com.lianchuang.swift-Community";
				PRODUCT_NAME = "$(TARGET_NAME)";
				SWIFT_OBJC_BRIDGING_HEADER = "swift_Community/Utils(其他)/swift_Community-Bridging-Header.h";
				SWIFT_VERSION = 4.0;
				TARGETED_DEVICE_FAMILY = 1;
			};
			name = Release;
		};
		8D62474F213E362A005539FA /* Debug */ = {
			isa = XCBuildConfiguration;
			baseConfigurationReference = 73E2F8EEE19B6F7BE4397A53 /* Pods-swift_CommunityTests.debug.xcconfig */;
			buildSettings = {
				ALWAYS_EMBED_SWIFT_STANDARD_LIBRARIES = YES;
				BUNDLE_LOADER = "$(TEST_HOST)";
				CODE_SIGN_STYLE = Automatic;
				DEVELOPMENT_TEAM = 99BZ7YRVZ8;
				INFOPLIST_FILE = swift_CommunityTests/Info.plist;
				LD_RUNPATH_SEARCH_PATHS = (
					"$(inherited)",
					"@executable_path/Frameworks",
					"@loader_path/Frameworks",
				);
				PRODUCT_BUNDLE_IDENTIFIER = "com.lianchuang.swift-CommunityTests";
				PRODUCT_NAME = "$(TARGET_NAME)";
				SWIFT_VERSION = 4.0;
				TARGETED_DEVICE_FAMILY = "1,2";
				TEST_HOST = "$(BUILT_PRODUCTS_DIR)/swift_Community.app/swift_Community";
			};
			name = Debug;
		};
		8D624750213E362A005539FA /* Release */ = {
			isa = XCBuildConfiguration;
			baseConfigurationReference = 4F50C1ECA8BC4F28F8588229 /* Pods-swift_CommunityTests.release.xcconfig */;
			buildSettings = {
				ALWAYS_EMBED_SWIFT_STANDARD_LIBRARIES = YES;
				BUNDLE_LOADER = "$(TEST_HOST)";
				CODE_SIGN_STYLE = Automatic;
				DEVELOPMENT_TEAM = 99BZ7YRVZ8;
				INFOPLIST_FILE = swift_CommunityTests/Info.plist;
				LD_RUNPATH_SEARCH_PATHS = (
					"$(inherited)",
					"@executable_path/Frameworks",
					"@loader_path/Frameworks",
				);
				PRODUCT_BUNDLE_IDENTIFIER = "com.lianchuang.swift-CommunityTests";
				PRODUCT_NAME = "$(TARGET_NAME)";
				SWIFT_VERSION = 4.0;
				TARGETED_DEVICE_FAMILY = "1,2";
				TEST_HOST = "$(BUILT_PRODUCTS_DIR)/swift_Community.app/swift_Community";
			};
			name = Release;
		};
		8D624752213E362A005539FA /* Debug */ = {
			isa = XCBuildConfiguration;
			baseConfigurationReference = 81FB9931EAD50AB0AAC2611F /* Pods-swift_CommunityUITests.debug.xcconfig */;
			buildSettings = {
				ALWAYS_EMBED_SWIFT_STANDARD_LIBRARIES = YES;
				CODE_SIGN_STYLE = Automatic;
				DEVELOPMENT_TEAM = 99BZ7YRVZ8;
				INFOPLIST_FILE = swift_CommunityUITests/Info.plist;
				LD_RUNPATH_SEARCH_PATHS = (
					"$(inherited)",
					"@executable_path/Frameworks",
					"@loader_path/Frameworks",
				);
				PRODUCT_BUNDLE_IDENTIFIER = "com.lianchuang.swift-CommunityUITests";
				PRODUCT_NAME = "$(TARGET_NAME)";
				SWIFT_VERSION = 4.0;
				TARGETED_DEVICE_FAMILY = "1,2";
				TEST_TARGET_NAME = swift_Community;
			};
			name = Debug;
		};
		8D624753213E362A005539FA /* Release */ = {
			isa = XCBuildConfiguration;
			baseConfigurationReference = 4515ABC861FD994EF9526282 /* Pods-swift_CommunityUITests.release.xcconfig */;
			buildSettings = {
				ALWAYS_EMBED_SWIFT_STANDARD_LIBRARIES = YES;
				CODE_SIGN_STYLE = Automatic;
				DEVELOPMENT_TEAM = 99BZ7YRVZ8;
				INFOPLIST_FILE = swift_CommunityUITests/Info.plist;
				LD_RUNPATH_SEARCH_PATHS = (
					"$(inherited)",
					"@executable_path/Frameworks",
					"@loader_path/Frameworks",
				);
				PRODUCT_BUNDLE_IDENTIFIER = "com.lianchuang.swift-CommunityUITests";
				PRODUCT_NAME = "$(TARGET_NAME)";
				SWIFT_VERSION = 4.0;
				TARGETED_DEVICE_FAMILY = "1,2";
				TEST_TARGET_NAME = swift_Community;
			};
			name = Release;
		};
/* End XCBuildConfiguration section */

/* Begin XCConfigurationList section */
		8D62471E213E3629005539FA /* Build configuration list for PBXProject "swift_Community" */ = {
			isa = XCConfigurationList;
			buildConfigurations = (
				8D624749213E362A005539FA /* Debug */,
				8D62474A213E362A005539FA /* Release */,
			);
			defaultConfigurationIsVisible = 0;
			defaultConfigurationName = Release;
		};
		8D62474B213E362A005539FA /* Build configuration list for PBXNativeTarget "swift_Community" */ = {
			isa = XCConfigurationList;
			buildConfigurations = (
				8D62474C213E362A005539FA /* Debug */,
				8D62474D213E362A005539FA /* Release */,
			);
			defaultConfigurationIsVisible = 0;
			defaultConfigurationName = Release;
		};
		8D62474E213E362A005539FA /* Build configuration list for PBXNativeTarget "swift_CommunityTests" */ = {
			isa = XCConfigurationList;
			buildConfigurations = (
				8D62474F213E362A005539FA /* Debug */,
				8D624750213E362A005539FA /* Release */,
			);
			defaultConfigurationIsVisible = 0;
			defaultConfigurationName = Release;
		};
		8D624751213E362A005539FA /* Build configuration list for PBXNativeTarget "swift_CommunityUITests" */ = {
			isa = XCConfigurationList;
			buildConfigurations = (
				8D624752213E362A005539FA /* Debug */,
				8D624753213E362A005539FA /* Release */,
			);
			defaultConfigurationIsVisible = 0;
			defaultConfigurationName = Release;
		};
/* End XCConfigurationList section */
	};
	rootObject = 8D62471B213E3629005539FA /* Project object */;
}
